
Microsoft Visual Studio Solution File, Format Version 12.00
Project("{FAE04EC0-301F-11D3-BF4B-00C04F79EFBC}") = "Cinema.API", "Cinema.API\Cinema.API.csproj", "{A531E1BA-DE59-4278-83D2-30B98109A976}"
EndProject
Project("{2150E333-8FDC-42A3-9474-1A3956D46DE8}") = "Solution Items", "Solution Items", "{6BA6DF05-0E34-43D4-B488-1EA4469ED584}"
	ProjectSection(SolutionItems) = preProject
		docker-compose.yml = docker-compose.yml
	EndProjectSection
EndProject
Project("{FAE04EC0-301F-11D3-BF4B-00C04F79EFBC}") = "BuildingBlocks", "BuildingBlocks\BuildingBlocks.csproj", "{C1FF46F0-8B66-4FFE-BCE6-FB07A53EAD7E}"
EndProject
Global
	GlobalSection(SolutionConfigurationPlatforms) = preSolution
		Debug|Any CPU = Debug|Any CPU
		Release|Any CPU = Release|Any CPU
	EndGlobalSection
	GlobalSection(ProjectConfigurationPlatforms) = postSolution
		{A531E1BA-DE59-4278-83D2-30B98109A976}.Debug|Any CPU.ActiveCfg = Debug|Any CPU
		{A531E1BA-DE59-4278-83D2-30B98109A976}.Debug|Any CPU.Build.0 = Debug|Any CPU
		{A531E1BA-DE59-4278-83D2-30B98109A976}.Release|Any CPU.ActiveCfg = Release|Any CPU
		{A531E1BA-DE59-4278-83D2-30B98109A976}.Release|Any CPU.Build.0 = Release|Any CPU
		{C1FF46F0-8B66-4FFE-BCE6-FB07A53EAD7E}.Debug|Any CPU.ActiveCfg = Debug|Any CPU
		{C1FF46F0-8B66-4FFE-BCE6-FB07A53EAD7E}.Debug|Any CPU.Build.0 = Debug|Any CPU
		{C1FF46F0-8B66-4FFE-BCE6-FB07A53EAD7E}.Release|Any CPU.ActiveCfg = Release|Any CPU
		{C1FF46F0-8B66-4FFE-BCE6-FB07A53EAD7E}.Release|Any CPU.Build.0 = Release|Any CPU
	EndGlobalSection
EndGlobal
